
Microsoft Visual Studio Solution File, Format Version 12.00
# Visual Studio Version 16
VisualStudioVersion = 16.0.33529.622
MinimumVisualStudioVersion = 10.0.40219.1
Project("{FAE04EC0-301F-11D3-BF4B-00C04F79EFBC}") = "BarcodeReader.Android", "BarcodeReader\BarcodeReader.Android\BarcodeReader.Android.csproj", "{2DD706CB-7AF9-4A94-9E29-4E7B67BC0140}"
EndProject
Project("{FAE04EC0-301F-11D3-BF4B-00C04F79EFBC}") = "BarcodeReader.iOS", "BarcodeReader\BarcodeReader.iOS\BarcodeReader.iOS.csproj", "{9F3D5244-515C-47AA-96D0-4E7F9D3F2494}"
EndProject
Project("{FAE04EC0-301F-11D3-BF4B-00C04F79EFBC}") = "BarcodeReader", "BarcodeReader\BarcodeReader\BarcodeReader.csproj", "{5B53B20F-7D0C-4C54-9955-0796D7074EF7}"
EndProject
Global
	GlobalSection(SolutionConfigurationPlatforms) = preSolution
		Debug|Any CPU = Debug|Any CPU
		Debug|iPhone = Debug|iPhone
		Debug|iPhoneSimulator = Debug|iPhoneSimulator
		Release|Any CPU = Release|Any CPU
		Release|iPhone = Release|iPhone
		Release|iPhoneSimulator = Release|iPhoneSimulator
	EndGlobalSection
	GlobalSection(ProjectConfigurationPlatforms) = postSolution
		{2DD706CB-7AF9-4A94-9E29-4E7B67BC0140}.Debug|Any CPU.ActiveCfg = Debug|Any CPU
		{2DD706CB-7AF9-4A94-9E29-4E7B67BC0140}.Debug|Any CPU.Build.0 = Debug|Any CPU
		{2DD706CB-7AF9-4A94-9E29-4E7B67BC0140}.Debug|Any CPU.Deploy.0 = Debug|Any CPU
		{2DD706CB-7AF9-4A94-9E29-4E7B67BC0140}.Debug|iPhone.ActiveCfg = Debug|Any CPU
		{2DD706CB-7AF9-4A94-9E29-4E7B67BC0140}.Debug|iPhone.Build.0 = Debug|Any CPU
		{2DD706CB-7AF9-4A94-9E29-4E7B67BC0140}.Debug|iPhone.Deploy.0 = Debug|Any CPU
		{2DD706CB-7AF9-4A94-9E29-4E7B67BC0140}.Debug|iPhoneSimulator.ActiveCfg = Debug|Any CPU
		{2DD706CB-7AF9-4A94-9E29-4E7B67BC0140}.Debug|iPhoneSimulator.Build.0 = Debug|Any CPU
		{2DD706CB-7AF9-4A94-9E29-4E7B67BC0140}.Debug|iPhoneSimulator.Deploy.0 = Debug|Any CPU
		{2DD706CB-7AF9-4A94-9E29-4E7B67BC0140}.Release|Any CPU.ActiveCfg = Release|Any CPU
		{2DD706CB-7AF9-4A94-9E29-4E7B67BC0140}.Release|Any CPU.Build.0 = Release|Any CPU
		{2DD706CB-7AF9-4A94-9E29-4E7B67BC0140}.Release|Any CPU.Deploy.0 = Release|Any CPU
		{2DD706CB-7AF9-4A94-9E29-4E7B67BC0140}.Release|iPhone.ActiveCfg = Release|Any CPU
		{2DD706CB-7AF9-4A94-9E29-4E7B67BC0140}.Release|iPhone.Build.0 = Release|Any CPU
		{2DD706CB-7AF9-4A94-9E29-4E7B67BC0140}.Release|iPhone.Deploy.0 = Release|Any CPU
		{2DD706CB-7AF9-4A94-9E29-4E7B67BC0140}.Release|iPhoneSimulator.ActiveCfg = Release|Any CPU
		{2DD706CB-7AF9-4A94-9E29-4E7B67BC0140}.Release|iPhoneSimulator.Build.0 = Release|Any CPU
		{2DD706CB-7AF9-4A94-9E29-4E7B67BC0140}.Release|iPhoneSimulator.Deploy.0 = Release|Any CPU
		{9F3D5244-515C-47AA-96D0-4E7F9D3F2494}.Debug|Any CPU.ActiveCfg = Debug|iPhone
		{9F3D5244-515C-47AA-96D0-4E7F9D3F2494}.Debug|Any CPU.Build.0 = Debug|iPhone
		{9F3D5244-515C-47AA-96D0-4E7F9D3F2494}.Debug|Any CPU.Deploy.0 = Debug|iPhone
		{9F3D5244-515C-47AA-96D0-4E7F9D3F2494}.Debug|iPhone.ActiveCfg = Debug|iPhone
		{9F3D5244-515C-47AA-96D0-4E7F9D3F2494}.Debug|iPhone.Build.0 = Debug|iPhone
		{9F3D5244-515C-47AA-96D0-4E7F9D3F2494}.Debug|iPhone.Deploy.0 = Debug|iPhone
		{9F3D5244-515C-47AA-96D0-4E7F9D3F2494}.Debug|iPhoneSimulator.ActiveCfg = Debug|iPhoneSimulator
		{9F3D5244-515C-47AA-96D0-4E7F9D3F2494}.Debug|iPhoneSimulator.Build.0 = Debug|iPhoneSimulator
		{9F3D5244-515C-47AA-96D0-4E7F9D3F2494}.Debug|iPhoneSimulator.Deploy.0 = Debug|iPhoneSimulator
		{9F3D5244-515C-47AA-96D0-4E7F9D3F2494}.Release|Any CPU.ActiveCfg = Release|iPhoneSimulator
		{9F3D5244-515C-47AA-96D0-4E7F9D3F2494}.Release|Any CPU.Build.0 = Release|iPhoneSimulator
		{9F3D5244-515C-47AA-96D0-4E7F9D3F2494}.Release|Any CPU.Deploy.0 = Release|iPhoneSimulator
		{9F3D5244-515C-47AA-96D0-4E7F9D3F2494}.Release|iPhone.ActiveCfg = Release|iPhone
		{9F3D5244-515C-47AA-96D0-4E7F9D3F2494}.Release|iPhone.Build.0 = Release|iPhone
		{9F3D5244-515C-47AA-96D0-4E7F9D3F2494}.Release|iPhone.Deploy.0 = Release|iPhone
		{9F3D5244-515C-47AA-96D0-4E7F9D3F2494}.Release|iPhoneSimulator.ActiveCfg = Release|iPhoneSimulator
		{9F3D5244-515C-47AA-96D0-4E7F9D3F2494}.Release|iPhoneSimulator.Build.0 = Release|iPhoneSimulator
		{9F3D5244-515C-47AA-96D0-4E7F9D3F2494}.Release|iPhoneSimulator.Deploy.0 = Release|iPhoneSimulator
		{5B53B20F-7D0C-4C54-9955-0796D7074EF7}.Debug|Any CPU.ActiveCfg = Debug|Any CPU
		{5B53B20F-7D0C-4C54-9955-0796D7074EF7}.Debug|Any CPU.Build.0 = Debug|Any CPU
		{5B53B20F-7D0C-4C54-9955-0796D7074EF7}.Debug|Any CPU.Deploy.0 = Debug|Any CPU
		{5B53B20F-7D0C-4C54-9955-0796D7074EF7}.Debug|iPhone.ActiveCfg = Debug|Any CPU
		{5B53B20F-7D0C-4C54-9955-0796D7074EF7}.Debug|iPhone.Build.0 = Debug|Any CPU
		{5B53B20F-7D0C-4C54-9955-0796D7074EF7}.Debug|iPhone.Deploy.0 = Debug|Any CPU
		{5B53B20F-7D0C-4C54-9955-0796D7074EF7}.Debug|iPhoneSimulator.ActiveCfg = Debug|Any CPU
		{5B53B20F-7D0C-4C54-9955-0796D7074EF7}.Debug|iPhoneSimulator.Build.0 = Debug|Any CPU
		{5B53B20F-7D0C-4C54-9955-0796D7074EF7}.Debug|iPhoneSimulator.Deploy.0 = Debug|Any CPU
		{5B53B20F-7D0C-4C54-9955-0796D7074EF7}.Release|Any CPU.ActiveCfg = Release|Any CPU
		{5B53B20F-7D0C-4C54-9955-0796D7074EF7}.Release|Any CPU.Build.0 = Release|Any CPU
		{5B53B20F-7D0C-4C54-9955-0796D7074EF7}.Release|Any CPU.Deploy.0 = Release|Any CPU
		{5B53B20F-7D0C-4C54-9955-0796D7074EF7}.Release|iPhone.ActiveCfg = Release|Any CPU
		{5B53B20F-7D0C-4C54-9955-0796D7074EF7}.Release|iPhone.Build.0 = Release|Any CPU
		{5B53B20F-7D0C-4C54-9955-0796D7074EF7}.Release|iPhone.Deploy.0 = Release|Any CPU
		{5B53B20F-7D0C-4C54-9955-0796D7074EF7}.Release|iPhoneSimulator.ActiveCfg = Release|Any CPU
		{5B53B20F-7D0C-4C54-9955-0796D7074EF7}.Release|iPhoneSimulator.Build.0 = Release|Any CPU
		{5B53B20F-7D0C-4C54-9955-0796D7074EF7}.Release|iPhoneSimulator.Deploy.0 = Release|Any CPU
	EndGlobalSection
	GlobalSection(SolutionProperties) = preSolution
		HideSolutionNode = FALSE
	EndGlobalSection
	GlobalSection(ExtensibilityGlobals) = postSolution
		SolutionGuid = {EFC1B7C2-7D72-4AEE-948A-25415F8E8631}
	EndGlobalSection
EndGlobal
